# THIS IS AN AUTOGENERATED FILE. DO NOT EDIT THIS FILE DIRECTLY.
# yarn lockfile v1


"@polka/url@^1.0.0-next.24":
  version "1.0.0-next.29"
  resolved "https://registry.npmjs.org/@polka/url/-/url-1.0.0-next.29.tgz"
  integrity sha512-wwQAWhWSuHaag8c4q/KN/vCoeOJYshAIvMQwD4GpSb3OiZklFfvAgmj0VCBBImRpuF/aFgIRzllXlVX93Jevww==

"@tinyhttp/accepts@2.2.3":
  version "2.2.3"
  resolved "https://registry.npmjs.org/@tinyhttp/accepts/-/accepts-2.2.3.tgz"
  integrity sha512-9pQN6pJAJOU3McmdJWTcyq7LLFW8Lj5q+DadyKcvp+sxMkEpktKX5sbfJgJuOvjk6+1xWl7pe0YL1US1vaO/1w==
  dependencies:
    mime "4.0.4"
    negotiator "^0.6.3"

"@tinyhttp/app@^2.4.0":
  version "2.5.2"
  resolved "https://registry.npmjs.org/@tinyhttp/app/-/app-2.5.2.tgz"
  integrity sha512-DcB3Y8GQppLQlO2VxRYF7LzTEAoZb+VRQXuIsErcu2fNaM1xdx6NQZDso5rlZUiaeg6KYYRfU34N4XkZbv6jSA==
  dependencies:
    "@tinyhttp/cookie" "2.1.1"
    "@tinyhttp/proxy-addr" "2.2.1"
    "@tinyhttp/req" "2.2.5"
    "@tinyhttp/res" "2.2.5"
    "@tinyhttp/router" "2.2.3"
    header-range-parser "1.1.3"
    regexparam "^2.0.2"

"@tinyhttp/content-disposition@2.2.2":
  version "2.2.2"
  resolved "https://registry.npmjs.org/@tinyhttp/content-disposition/-/content-disposition-2.2.2.tgz"
  integrity sha512-crXw1txzrS36huQOyQGYFvhTeLeG0Si1xu+/l6kXUVYpE0TjFjEZRqTbuadQLfKGZ0jaI+jJoRyqaWwxOSHW2g==

"@tinyhttp/content-type@^0.1.4":
  version "0.1.4"
  resolved "https://registry.npmjs.org/@tinyhttp/content-type/-/content-type-0.1.4.tgz"
  integrity sha512-dl6f3SHIJPYbhsW1oXdrqOmLSQF/Ctlv3JnNfXAE22kIP7FosqJHxkz/qj2gv465prG8ODKH5KEyhBkvwrueKQ==

"@tinyhttp/cookie-signature@2.1.1":
  version "2.1.1"
  resolved "https://registry.npmjs.org/@tinyhttp/cookie-signature/-/cookie-signature-2.1.1.tgz"
  integrity sha512-VDsSMY5OJfQJIAtUgeQYhqMPSZptehFSfvEEtxr+4nldPA8IImlp3QVcOVuK985g4AFR4Hl1sCbWCXoqBnVWnw==

"@tinyhttp/cookie@2.1.1":
  version "2.1.1"
  resolved "https://registry.npmjs.org/@tinyhttp/cookie/-/cookie-2.1.1.tgz"
  integrity sha512-h/kL9jY0e0Dvad+/QU3efKZww0aTvZJslaHj3JTPmIPC9Oan9+kYqmh3M6L5JUQRuTJYFK2nzgL2iJtH2S+6dA==

"@tinyhttp/cors@^2.0.1":
  version "2.0.1"
  resolved "https://registry.npmjs.org/@tinyhttp/cors/-/cors-2.0.1.tgz"
  integrity sha512-qrmo6WJuaiCzKWagv2yA/kw6hIISfF/hOqPWwmI6w0o8apeTMmRN3DoCFvQ/wNVuWVdU5J4KU7OX8aaSOEq51A==
  dependencies:
    "@tinyhttp/vary" "^0.1.3"

"@tinyhttp/encode-url@2.1.1":
  version "2.1.1"
  resolved "https://registry.npmjs.org/@tinyhttp/encode-url/-/encode-url-2.1.1.tgz"
  integrity sha512-AhY+JqdZ56qV77tzrBm0qThXORbsVjs/IOPgGCS7x/wWnsa/Bx30zDUU/jPAUcSzNOzt860x9fhdGpzdqbUeUw==

"@tinyhttp/etag@2.1.2":
  version "2.1.2"
  resolved "https://registry.npmjs.org/@tinyhttp/etag/-/etag-2.1.2.tgz"
  integrity sha512-j80fPKimGqdmMh6962y+BtQsnYPVCzZfJw0HXjyH70VaJBHLKGF+iYhcKqzI3yef6QBNa8DKIPsbEYpuwApXTw==

"@tinyhttp/forwarded@2.1.2":
  version "2.1.2"
  resolved "https://registry.npmjs.org/@tinyhttp/forwarded/-/forwarded-2.1.2.tgz"
  integrity sha512-9H/eulJ68ElY/+zYpTpNhZ7vxGV+cnwaR6+oQSm7bVgZMyuQfgROW/qvZuhmgDTIxnGMXst+Ba4ij6w6Krcs3w==

"@tinyhttp/logger@^2.0.0":
  version "2.1.0"
  resolved "https://registry.npmjs.org/@tinyhttp/logger/-/logger-2.1.0.tgz"
  integrity sha512-Ma1fJ9CwUbn9r61/4HW6+nflsVoslpOnCrfQ6UeZq7GGIgwLzofms3HoSVG7M+AyRMJpxlfcDdbH5oFVroDMKA==
  dependencies:
    colorette "^2.0.20"
    dayjs "^1.11.13"
    http-status-emojis "^2.2.0"

"@tinyhttp/proxy-addr@2.2.1":
  version "2.2.1"
  resolved "https://registry.npmjs.org/@tinyhttp/proxy-addr/-/proxy-addr-2.2.1.tgz"
  integrity sha512-BicqMqVI91hHq2BQmnqJUh0FQUnx7DncwSGgu2ghlh+JZG2rHK2ZN/rXkfhrx1rrUw6hnd0L36O8GPMh01+dDQ==
  dependencies:
    "@tinyhttp/forwarded" "2.1.2"
    ipaddr.js "^2.2.0"

"@tinyhttp/req@2.2.5":
  version "2.2.5"
  resolved "https://registry.npmjs.org/@tinyhttp/req/-/req-2.2.5.tgz"
  integrity sha512-trfsXwtmsNjMcGKcLJ+45h912kLRqBQCQD06ams3Tq0kf4gHLxjHjoYOC1Z9yGjOn81XllRx8wqvnvr+Kbe3gw==
  dependencies:
    "@tinyhttp/accepts" "2.2.3"
    "@tinyhttp/type-is" "2.2.4"
    "@tinyhttp/url" "2.1.1"
    header-range-parser "^1.1.3"

"@tinyhttp/res@2.2.5":
  version "2.2.5"
  resolved "https://registry.npmjs.org/@tinyhttp/res/-/res-2.2.5.tgz"
  integrity sha512-yBsqjWygpuKAVz4moWlP4hqzwiDDqfrn2mA0wviJAcgvGiyOErtlQwXY7aj3aPiCpURvxvEFO//Gdy6yV+xEpA==
  dependencies:
    "@tinyhttp/content-disposition" "2.2.2"
    "@tinyhttp/cookie" "2.1.1"
    "@tinyhttp/cookie-signature" "2.1.1"
    "@tinyhttp/encode-url" "2.1.1"
    "@tinyhttp/req" "2.2.5"
    "@tinyhttp/send" "2.2.3"
    "@tinyhttp/vary" "^0.1.3"
    es-escape-html "^0.1.1"
    mime "4.0.4"

"@tinyhttp/router@2.2.3":
  version "2.2.3"
  resolved "https://registry.npmjs.org/@tinyhttp/router/-/router-2.2.3.tgz"
  integrity sha512-O0MQqWV3Vpg/uXsMYg19XsIgOhwjyhTYWh51Qng7bxqXixxx2PEvZWnFjP7c84K7kU/nUX41KpkEBTLnznk9/Q==

"@tinyhttp/send@2.2.3":
  version "2.2.3"
  resolved "https://registry.npmjs.org/@tinyhttp/send/-/send-2.2.3.tgz"
  integrity sha512-o4cVHHGQ8WjVBS8UT0EE/2WnjoybrfXikHwsRoNlG1pfrC/Sd01u1N4Te8cOd/9aNGLr4mGxWb5qTm2RRtEi7g==
  dependencies:
    "@tinyhttp/content-type" "^0.1.4"
    "@tinyhttp/etag" "2.1.2"
    mime "4.0.4"

"@tinyhttp/type-is@2.2.4":
  version "2.2.4"
  resolved "https://registry.npmjs.org/@tinyhttp/type-is/-/type-is-2.2.4.tgz"
  integrity sha512-7F328NheridwjIfefBB2j1PEcKKABpADgv7aCJaE8x8EON77ZFrAkI3Rir7pGjopV7V9MBmW88xUQigBEX2rmQ==
  dependencies:
    "@tinyhttp/content-type" "^0.1.4"
    mime "4.0.4"

"@tinyhttp/url@2.1.1":
  version "2.1.1"
  resolved "https://registry.npmjs.org/@tinyhttp/url/-/url-2.1.1.tgz"
  integrity sha512-POJeq2GQ5jI7Zrdmj22JqOijB5/GeX+LEX7DUdml1hUnGbJOTWDx7zf2b5cCERj7RoXL67zTgyzVblBJC+NJWg==

"@tinyhttp/vary@^0.1.3":
  version "0.1.3"
  resolved "https://registry.npmjs.org/@tinyhttp/vary/-/vary-0.1.3.tgz"
  integrity sha512-SoL83sQXAGiHN1jm2VwLUWQSQeDAAl1ywOm6T0b0Cg1CZhVsjoiZadmjhxF6FHCCY7OHHVaLnTgSMxTPIDLxMg==

"@types/body-parser@*":
  version "1.19.6"
  resolved "https://registry.yarnpkg.com/@types/body-parser/-/body-parser-1.19.6.tgz#1859bebb8fd7dac9918a45d54c1971ab8b5af474"
  integrity sha512-HLFeCYgz89uk22N5Qg3dvGvsv46B8GLvKKo1zKG4NybA8U2DiEO3w9lqGg29t/tfLRJpJ6iQxnVw4OnB7MoM9g==
  dependencies:
    "@types/connect" "*"
    "@types/node" "*"

"@types/connect@*":
  version "3.4.38"
  resolved "https://registry.yarnpkg.com/@types/connect/-/connect-3.4.38.tgz#5ba7f3bc4fbbdeaff8dded952e5ff2cc53f8d858"
  integrity sha512-K6uROf1LD88uDQqJCktA4yzL1YYAK6NgfsI0v/mTgyPKWsX1CnJ0XPSDhViejru1GcRkLWb8RlzFYJRqGUbaug==
  dependencies:
    "@types/node" "*"

"@types/express-serve-static-core@^5.0.0":
  version "5.0.6"
  resolved "https://registry.yarnpkg.com/@types/express-serve-static-core/-/express-serve-static-core-5.0.6.tgz#41fec4ea20e9c7b22f024ab88a95c6bb288f51b8"
  integrity sha512-3xhRnjJPkULekpSzgtoNYYcTWgEZkp4myc+Saevii5JPnHNvHMRlBSHDbs7Bh1iPPoVTERHEZXyhyLbMEsExsA==
  dependencies:
    "@types/node" "*"
    "@types/qs" "*"
    "@types/range-parser" "*"
    "@types/send" "*"

"@types/express@*":
  version "5.0.3"
  resolved "https://registry.yarnpkg.com/@types/express/-/express-5.0.3.tgz#6c4bc6acddc2e2a587142e1d8be0bce20757e956"
  integrity sha512-wGA0NX93b19/dZC1J18tKWVIYWyyF2ZjT9vin/NRu0qzzvfVzWjs04iq2rQ3H65vCTQYlRqs3YHfY7zjdV+9Kw==
  dependencies:
    "@types/body-parser" "*"
    "@types/express-serve-static-core" "^5.0.0"
    "@types/serve-static" "*"

"@types/http-errors@*":
  version "2.0.5"
  resolved "https://registry.yarnpkg.com/@types/http-errors/-/http-errors-2.0.5.tgz#5b749ab2b16ba113423feb1a64a95dcd30398472"
  integrity sha512-r8Tayk8HJnX0FztbZN7oVqGccWgw98T/0neJphO91KkmOzug1KkofZURD4UaD5uH8AqcFLfdPErnBod0u71/qg==

"@types/json-server@^0.14.8":
  version "0.14.8"
  resolved "https://registry.yarnpkg.com/@types/json-server/-/json-server-0.14.8.tgz#b7c4c5cccf63e56f7de8fbc51a84c104c1a8e2f2"
  integrity sha512-wlqBMTKLv/iXYAHZW4WhVry4EKMhfkBO2h53rjktAZyLXvkzxAMDUOCpcsRQItcd1+76Cr7RtKkWziYr08rdfA==
  dependencies:
    "@types/connect" "*"
    "@types/express" "*"
    "@types/lowdb" "<2"

"@types/lodash@*":
  version "4.17.17"
  resolved "https://registry.yarnpkg.com/@types/lodash/-/lodash-4.17.17.tgz#fb85a04f47e9e4da888384feead0de05f7070355"
  integrity sha512-RRVJ+J3J+WmyOTqnz3PiBLA501eKwXl2noseKOrNo/6+XEHjTAxO4xHvxQB6QuNm+s4WRbn6rSiap8+EA+ykFQ==

"@types/lowdb@<2":
  version "1.0.15"
  resolved "https://registry.yarnpkg.com/@types/lowdb/-/lowdb-1.0.15.tgz#c1d1859db89bcec2741b6c95f28c16f01472228b"
  integrity sha512-xaMNIveDCryK4UvnUJOc2BCOH0lPivdvWHrutsLryo9r9Id3RqZq2RDmT4eddiEPYzu7nJMw6nFIcVifcqjWqg==
  dependencies:
    "@types/lodash" "*"

"@types/mime@^1":
  version "1.3.5"
  resolved "https://registry.yarnpkg.com/@types/mime/-/mime-1.3.5.tgz#1ef302e01cf7d2b5a0fa526790c9123bf1d06690"
  integrity sha512-/pyBZWSLD2n0dcHE3hq8s8ZvcETHtEuF+3E7XVt0Ig2nvsVQXdghHVcEkIWjy9A0wKfTn97a/PSDYohKIlnP/w==

"@types/node@*":
  version "24.0.0"
  resolved "https://registry.yarnpkg.com/@types/node/-/node-24.0.0.tgz#14a278ce74dd33993f2c4e5dd614760728c0fba8"
  integrity sha512-yZQa2zm87aRVcqDyH5+4Hv9KYgSdgwX1rFnGvpbzMaC7YAljmhBET93TPiTd3ObwTL+gSpIzPKg5BqVxdCvxKg==
  dependencies:
    undici-types "~7.8.0"

"@types/node@^20.x.x":
  version "20.19.0"
  resolved "https://registry.yarnpkg.com/@types/node/-/node-20.19.0.tgz#7006b097b15dfea06695c3bbdba98b268797f65b"
  integrity sha512-hfrc+1tud1xcdVTABC2JiomZJEklMcXYNTVtZLAeqTVWD+qL5jkHKT+1lOtqDdGxt+mB53DTtiz673vfjU8D1Q==
  dependencies:
    undici-types "~6.21.0"

"@types/qs@*":
  version "6.14.0"
  resolved "https://registry.yarnpkg.com/@types/qs/-/qs-6.14.0.tgz#d8b60cecf62f2db0fb68e5e006077b9178b85de5"
  integrity sha512-eOunJqu0K1923aExK6y8p6fsihYEn/BYuQ4g0CxAAgFc4b/ZLN4CrsRZ55srTdqoiLzU2B2evC+apEIxprEzkQ==

"@types/range-parser@*":
  version "1.2.7"
  resolved "https://registry.yarnpkg.com/@types/range-parser/-/range-parser-1.2.7.tgz#50ae4353eaaddc04044279812f52c8c65857dbcb"
  integrity sha512-hKormJbkJqzQGhziax5PItDUTMAM9uE2XXQmM37dyd4hVM+5aVl7oVxMVUiVQn2oCQFN/LKCZdvSM0pFRqbSmQ==

"@types/send@*":
  version "0.17.5"
  resolved "https://registry.yarnpkg.com/@types/send/-/send-0.17.5.tgz#d991d4f2b16f2b1ef497131f00a9114290791e74"
  integrity sha512-z6F2D3cOStZvuk2SaP6YrwkNO65iTZcwA2ZkSABegdkAh/lf+Aa/YQndZVfmEXT5vgAp6zv06VQ3ejSVjAny4w==
  dependencies:
    "@types/mime" "^1"
    "@types/node" "*"

"@types/serve-static@*":
  version "1.15.8"
  resolved "https://registry.yarnpkg.com/@types/serve-static/-/serve-static-1.15.8.tgz#8180c3fbe4a70e8f00b9f70b9ba7f08f35987877"
  integrity sha512-roei0UY3LhpOJvjbIP6ZZFngyLKl5dskOtDhxY5THRSpO+ZI+nzJ+m5yUMzGrp89YRa7lvknKkMYjqQFGwA7Sg==
  dependencies:
    "@types/http-errors" "*"
    "@types/node" "*"
    "@types/send" "*"

chalk@^5.3.0:
  version "5.4.1"
  resolved "https://registry.npmjs.org/chalk/-/chalk-5.4.1.tgz"
  integrity sha512-zgVZuo2WcZgfUEmsn6eO3kINexW8RAE4maiQ8QNs8CtpPCSyMiYsULR3HQYkm3w8FIA3SberyMJMSldGsW+U3w==

chokidar@^4.0.1:
  version "4.0.3"
  resolved "https://registry.npmjs.org/chokidar/-/chokidar-4.0.3.tgz"
  integrity sha512-Qgzu8kfBvo+cA4962jnP1KkS6Dop5NS6g7R5LFYJr4b8Ub94PPQXUksCw9PvXoeXPRRddRNC5C1JQUR2SMGtnA==
  dependencies:
    readdirp "^4.0.1"

colorette@^2.0.20:
  version "2.0.20"
  resolved "https://registry.npmjs.org/colorette/-/colorette-2.0.20.tgz"
  integrity sha512-IfEDxwoWIjkeXL1eXcDiow4UbKjhLdq6/EuSVR9GMN7KVH3r9gQ83e73hsz1Nd1T3ijd5xv1wcWRYO+D6kCI2w==

dayjs@^1.11.13:
  version "1.11.13"
  resolved "https://registry.npmjs.org/dayjs/-/dayjs-1.11.13.tgz"
  integrity sha512-oaMBel6gjolK862uaPQOVTA7q3TZhuSvuMQAAglQDOWYO9A91IrAOUJEyKVlqJlHE0vq5p5UXxzdPfMH/x6xNg==

dot-prop@^9.0.0:
  version "9.0.0"
  resolved "https://registry.npmjs.org/dot-prop/-/dot-prop-9.0.0.tgz"
  integrity sha512-1gxPBJpI/pcjQhKgIU91II6Wkay+dLcN3M6rf2uwP8hRur3HtQXjVrdAK3sjC0piaEuxzMwjXChcETiJl47lAQ==
  dependencies:
    type-fest "^4.18.2"

es-escape-html@^0.1.1:
  version "0.1.1"
  resolved "https://registry.npmjs.org/es-escape-html/-/es-escape-html-0.1.1.tgz"
  integrity sha512-yUx1o+8RsG7UlszmYPtks+dm6Lho2m8lgHMOsLJQsFI0R8XwUJwiMhM1M4E/S8QLeGyf6MkDV/pWgjQ0tdTSyQ==

eta@^3.5.0:
  version "3.5.0"
  resolved "https://registry.npmjs.org/eta/-/eta-3.5.0.tgz"
  integrity sha512-e3x3FBvGzeCIHhF+zhK8FZA2vC5uFn6b4HJjegUbIWrDb4mJ7JjTGMJY9VGIbRVpmSwHopNiaJibhjIr+HfLug==

header-range-parser@1.1.3, header-range-parser@^1.1.3:
  version "1.1.3"
  resolved "https://registry.npmjs.org/header-range-parser/-/header-range-parser-1.1.3.tgz"
  integrity sha512-B9zCFt3jH8g09LR1vHL4pcAn8yMEtlSlOUdQemzHMRKMImNIhhszdeosYFfNW0WXKQtXIlWB+O4owHJKvEJYaA==

http-status-emojis@^2.2.0:
  version "2.2.0"
  resolved "https://registry.npmjs.org/http-status-emojis/-/http-status-emojis-2.2.0.tgz"
  integrity sha512-ompKtgwpx8ff0hsbpIB7oE4ax1LXoHmftsHHStMELX56ivG3GhofTX8ZHWlUaFKfGjcGjw6G3rPk7dJRXMmbbg==

inflection@^3.0.0:
  version "3.0.2"
  resolved "https://registry.npmjs.org/inflection/-/inflection-3.0.2.tgz"
  integrity sha512-+Bg3+kg+J6JUWn8J6bzFmOWkTQ6L/NHfDRSYU+EVvuKHDxUDHAXgqixHfVlzuBQaPOTac8hn43aPhMNk6rMe3g==

ipaddr.js@^2.2.0:
  version "2.2.0"
  resolved "https://registry.npmjs.org/ipaddr.js/-/ipaddr.js-2.2.0.tgz"
  integrity sha512-Ag3wB2o37wslZS19hZqorUnrnzSkpOVy+IiiDEiTqNubEYpYuHWIf6K4psgN2ZWKExS4xhVCrRVfb/wfW8fWJA==

json-server@1.0.0-beta.3, json-server@^1.0.0-beta.3:
  version "1.0.0-beta.3"
  resolved "https://registry.npmjs.org/json-server/-/json-server-1.0.0-beta.3.tgz"
  integrity sha512-DwE69Ep5ccwIJZBUIWEENC30Yj8bwr4Ax9W9VoIWAYnB8Sj4ReptscO8/DRHv/nXwVlmb3Bk73Ls86+VZdYkkA==
  dependencies:
    "@tinyhttp/app" "^2.4.0"
    "@tinyhttp/cors" "^2.0.1"
    "@tinyhttp/logger" "^2.0.0"
    chalk "^5.3.0"
    chokidar "^4.0.1"
    dot-prop "^9.0.0"
    eta "^3.5.0"
    inflection "^3.0.0"
    json5 "^2.2.3"
    lowdb "^7.0.1"
    milliparsec "^4.0.0"
    sirv "^2.0.4"
    sort-on "^6.1.0"

json5@^2.2.3:
  version "2.2.3"
  resolved "https://registry.npmjs.org/json5/-/json5-2.2.3.tgz"
  integrity sha512-XmOWe7eyHYH14cLdVPoyg+GOH3rYX++KpzrylJwSW98t3Nk+U8XOl8FWKOgwtzdb8lXGf6zYwDUzeHMWfxasyg==

lowdb@^7.0.1:
  version "7.0.1"
  resolved "https://registry.npmjs.org/lowdb/-/lowdb-7.0.1.tgz"
  integrity sha512-neJAj8GwF0e8EpycYIDFqEPcx9Qz4GUho20jWFR7YiFeXzF1YMLdxB36PypcTSPMA+4+LvgyMacYhlr18Zlymw==
  dependencies:
    steno "^4.0.2"

milliparsec@^4.0.0:
  version "4.0.0"
  resolved "https://registry.npmjs.org/milliparsec/-/milliparsec-4.0.0.tgz"
  integrity sha512-/wk9d4Z6/9ZvoEH/6BI4TrTCgmkpZPuSRN/6fI9aUHOfXdNTuj/VhLS7d+NqG26bi6L9YmGXutVYvWC8zQ0qtA==

mime@4.0.4:
  version "4.0.4"
  resolved "https://registry.npmjs.org/mime/-/mime-4.0.4.tgz"
  integrity sha512-v8yqInVjhXyqP6+Kw4fV3ZzeMRqEW6FotRsKXjRS5VMTNIuXsdRoAvklpoRgSqXm6o9VNH4/C0mgedko9DdLsQ==

mrmime@^2.0.0:
  version "2.0.1"
  resolved "https://registry.npmjs.org/mrmime/-/mrmime-2.0.1.tgz"
  integrity sha512-Y3wQdFg2Va6etvQ5I82yUhGdsKrcYox6p7FfL1LbK2J4V01F9TGlepTIhnK24t7koZibmg82KGglhA1XK5IsLQ==

negotiator@^0.6.3:
  version "0.6.4"
  resolved "https://registry.npmjs.org/negotiator/-/negotiator-0.6.4.tgz"
  integrity sha512-myRT3DiWPHqho5PrJaIRyaMv2kgYf0mUVgBNOYMuCH5Ki1yEiQaf/ZJuQ62nvpc44wL5WDbTX7yGJi1Neevw8w==

prettier@^3.5.3:
  version "3.5.3"
  resolved "https://registry.npmjs.org/prettier/-/prettier-3.5.3.tgz"
  integrity sha512-QQtaxnoDJeAkDvDKWCLiwIXkTgRhwYDEQCghU9Z6q03iyek/rxRh/2lC3HB7P8sWT2xC/y5JDctPLBIGzHKbhw==

readdirp@^4.0.1:
  version "4.1.2"
  resolved "https://registry.npmjs.org/readdirp/-/readdirp-4.1.2.tgz"
  integrity sha512-GDhwkLfywWL2s6vEjyhri+eXmfH6j1L7JE27WhqLeYzoh/A3DBaYGEj2H/HFZCn/kMfim73FXxEJTw06WtxQwg==

regexparam@^2.0.2:
  version "2.0.2"
  resolved "https://registry.npmjs.org/regexparam/-/regexparam-2.0.2.tgz"
  integrity sha512-A1PeDEYMrkLrfyOwv2jwihXbo9qxdGD3atBYQA9JJgreAx8/7rC6IUkWOw2NQlOxLp2wL0ifQbh1HuidDfYA6w==

sirv@^2.0.4:
  version "2.0.4"
  resolved "https://registry.npmjs.org/sirv/-/sirv-2.0.4.tgz"
  integrity sha512-94Bdh3cC2PKrbgSOUqTiGPWVZeSiXfKOVZNJniWoqrWrRkB1CJzBU3NEbiTsPcYy1lDsANA/THzS+9WBiy5nfQ==
  dependencies:
    "@polka/url" "^1.0.0-next.24"
    mrmime "^2.0.0"
    totalist "^3.0.0"

sort-on@^6.1.0:
  version "6.1.0"
  resolved "https://registry.npmjs.org/sort-on/-/sort-on-6.1.0.tgz"
  integrity sha512-WTECP0nYNWO1n2g5bpsV0yZN9cBmZsF8ThHFbOqVN0HBFRoaQZLLEMvMmJlKHNPYQeVngeI5+jJzIfFqOIo1OA==
  dependencies:
    dot-prop "^9.0.0"

steno@^4.0.2:
  version "4.0.2"
  resolved "https://registry.npmjs.org/steno/-/steno-4.0.2.tgz"
  integrity sha512-yhPIQXjrlt1xv7dyPQg2P17URmXbuM5pdGkpiMB3RenprfiBlvK415Lctfe0eshk90oA7/tNq7WEiMK8RSP39A==

totalist@^3.0.0:
  version "3.0.1"
  resolved "https://registry.npmjs.org/totalist/-/totalist-3.0.1.tgz"
  integrity sha512-sf4i37nQ2LBx4m3wB74y+ubopq6W/dIzXg0FDGjsYnZHVa1Da8FH853wlL2gtUhg+xJXjfk3kUZS3BRoQeoQBQ==

type-fest@^4.18.2:
  version "4.41.0"
  resolved "https://registry.npmjs.org/type-fest/-/type-fest-4.41.0.tgz"
  integrity sha512-TeTSQ6H5YHvpqVwBRcnLDCBnDOHWYu7IvGbHT6N8AOymcr9PJGjc1GTtiWZTYg0NCgYwvnYWEkVChQAr9bjfwA==

typescript@^5.x.x:
  version "5.8.3"
  resolved "https://registry.npmjs.org/typescript/-/typescript-5.8.3.tgz"
  integrity sha512-p1diW6TqL9L07nNxvRMM7hMMw4c5XOo/1ibL4aAIGmSAt9slTE1Xgw5KWuof2uTOvCg9BY7ZRi+GaF+7sfgPeQ==

undici-types@~6.21.0:
  version "6.21.0"
  resolved "https://registry.yarnpkg.com/undici-types/-/undici-types-6.21.0.tgz#691d00af3909be93a7faa13be61b3a5b50ef12cb"
  integrity sha512-iwDZqg0QAGrg9Rav5H4n0M64c3mkR59cJ6wQp+7C4nI0gsmExaedaYLNO44eT4AtBBwjbTiGPMlt2Md0T9H9JQ==

undici-types@~7.8.0:
  version "7.8.0"
  resolved "https://registry.yarnpkg.com/undici-types/-/undici-types-7.8.0.tgz#de00b85b710c54122e44fbfd911f8d70174cd294"
  integrity sha512-9UJ2xGDvQ43tYyVMpuHlsgApydB8ZKfVYTsLDhXkFL/6gfkp+U8xTGdh8pMJv1SpZna0zxG1DwsKZsreLbXBxw==
